
Microsoft Visual Studio Solution File, Format Version 12.00
# Visual Studio Version 17
VisualStudioVersion = 17.9.34622.214
MinimumVisualStudioVersion = 10.0.40219.1
Project("{FAE04EC0-301F-11D3-BF4B-00C04F79EFBC}") = "MongoDbProject", "MongoDbProject\MongoDbProject.csproj", "{E493F020-5EB0-4C5F-A889-BE6C09E82559}"
EndProject
Global
	GlobalSection(SolutionConfigurationPlatforms) = preSolution
		Debug|Any CPU = Debug|Any CPU
		Release|Any CPU = Release|Any CPU
	EndGlobalSection
	GlobalSection(ProjectConfigurationPlatforms) = postSolution
		{E493F020-5EB0-4C5F-A889-BE6C09E82559}.Debug|Any CPU.ActiveCfg = Debug|Any CPU
		{E493F020-5EB0-4C5F-A889-BE6C09E82559}.Debug|Any CPU.Build.0 = Debug|Any CPU
		{E493F020-5EB0-4C5F-A889-BE6C09E82559}.Release|Any CPU.ActiveCfg = Release|Any CPU
		{E493F020-5EB0-4C5F-A889-BE6C09E82559}.Release|Any CPU.Build.0 = Release|Any CPU
	EndGlobalSection
	GlobalSection(SolutionProperties) = preSolution
		HideSolutionNode = FALSE
	EndGlobalSection
	GlobalSection(ExtensibilityGlobals) = postSolution
		SolutionGuid = {37B72B3C-3335-49DD-BD9D-9558260D878E}
	EndGlobalSection
EndGlobal
